{
  "pins" : [
    {
      "identity" : "bindingkit",
      "kind" : "remoteSourceControl",
      "location" : "https://github.com/mkj-is/BindingKit",
      "state" : {
        "revision" : "fe58851b967301ec5c391a2c34979b676b854f89",
        "version" : "1.0.0"
      }
    },
    {
      "identity" : "swiftui-introspect",
      "kind" : "remoteSourceControl",
      "location" : "https://github.com/siteline/swiftui-introspect",
      "state" : {
        "revision" : "9e1cc02a65b22e09a8251261cccbccce02731fc5",
        "version" : "1.1.1"
      }
    }
  ],
  "version" : 2
}
