// !$*UTF8*$!
{
	archiveVersion = 1;
	classes = {
	};
	objectVersion = 56;
	objects = {

/* Begin PBXBuildFile section */
		F102875F2B23AA0700EF6262 /* SwiftUIIntrospect in Frameworks */ = {isa = PBXBuildFile; productRef = F102875E2B23AA0700EF6262 /* SwiftUIIntrospect */; };
		F10287612B23E4D800EF6262 /* ContentViewModel.swift in Sources */ = {isa = PBXBuildFile; fileRef = F10287602B23E4D800EF6262 /* ContentViewModel.swift */; };
		F10287622B23E90100EF6262 /* libobjcconv.so in Frameworks */ = {isa = PBXBuildFile; fileRef = F1FA5E2D2B11FB110082AB71 /* libobjcconv.so */; };
		F10287632B23E90100EF6262 /* libobjcconv.so in Embed Libraries */ = {isa = PBXBuildFile; fileRef = F1FA5E2D2B11FB110082AB71 /* libobjcconv.so */; };
		F108FBA32B11431D00DF0E9C /* ObjcConverterApp.swift in Sources */ = {isa = PBXBuildFile; fileRef = F108FBA22B11431D00DF0E9C /* ObjcConverterApp.swift */; };
		F108FBA52B11431D00DF0E9C /* ContentView.swift in Sources */ = {isa = PBXBuildFile; fileRef = F108FBA42B11431D00DF0E9C /* ContentView.swift */; };
		F108FBA72B11431E00DF0E9C /* Assets.xcassets in Resources */ = {isa = PBXBuildFile; fileRef = F108FBA62B11431E00DF0E9C /* Assets.xcassets */; };
		F108FBAA2B11431E00DF0E9C /* Preview Assets.xcassets in Resources */ = {isa = PBXBuildFile; fileRef = F108FBA92B11431E00DF0E9C /* Preview Assets.xcassets */; };
		F108FBB42B1143BD00DF0E9C /* adapter.c in Sources */ = {isa = PBXBuildFile; fileRef = F108FBB32B1143BD00DF0E9C /* adapter.c */; };
		F108FBC02B116D8700DF0E9C /* Converter.swift in Sources */ = {isa = PBXBuildFile; fileRef = F108FBBF2B116D8700DF0E9C /* Converter.swift */; };
		F17772752B24D8FE004E5F1A /* DataModel.xcdatamodeld in Sources */ = {isa = PBXBuildFile; fileRef = F17772732B24D8FE004E5F1A /* DataModel.xcdatamodeld */; };
		F17772772B250160004E5F1A /* SubstitutionView.swift in Sources */ = {isa = PBXBuildFile; fileRef = F17772762B250160004E5F1A /* SubstitutionView.swift */; };
		F1A9E3F72B25F58100130D8D /* Exception.swift in Sources */ = {isa = PBXBuildFile; fileRef = F1A9E3F62B25F58100130D8D /* Exception.swift */; };
		F1A9E3FA2B26598F00130D8D /* BindingKit in Frameworks */ = {isa = PBXBuildFile; productRef = F1A9E3F92B26598F00130D8D /* BindingKit */; };
		F1A9E3FC2B26667200130D8D /* SubstitutionData.swift in Sources */ = {isa = PBXBuildFile; fileRef = F1A9E3FB2B26667200130D8D /* SubstitutionData.swift */; };
/* End PBXBuildFile section */

/* Begin PBXCopyFilesBuildPhase section */
		F10287642B23E90100EF6262 /* Embed Libraries */ = {
			isa = PBXCopyFilesBuildPhase;
			buildActionMask = 2147483647;
			dstPath = "";
			dstSubfolderSpec = 10;
			files = (
				F10287632B23E90100EF6262 /* libobjcconv.so in Embed Libraries */,
			);
			name = "Embed Libraries";
			runOnlyForDeploymentPostprocessing = 0;
		};
/* End PBXCopyFilesBuildPhase section */

/* Begin PBXFileReference section */
		F10287602B23E4D800EF6262 /* ContentViewModel.swift */ = {isa = PBXFileReference; lastKnownFileType = sourcecode.swift; path = ContentViewModel.swift; sourceTree = "<group>"; };
		F108FB9F2B11431D00DF0E9C /* ObjC Converter.app */ = {isa = PBXFileReference; explicitFileType = wrapper.application; includeInIndex = 0; path = "ObjC Converter.app"; sourceTree = BUILT_PRODUCTS_DIR; };
		F108FBA22B11431D00DF0E9C /* ObjcConverterApp.swift */ = {isa = PBXFileReference; lastKnownFileType = sourcecode.swift; path = ObjcConverterApp.swift; sourceTree = "<group>"; };
		F108FBA42B11431D00DF0E9C /* ContentView.swift */ = {isa = PBXFileReference; lastKnownFileType = sourcecode.swift; path = ContentView.swift; sourceTree = "<group>"; };
		F108FBA62B11431E00DF0E9C /* Assets.xcassets */ = {isa = PBXFileReference; lastKnownFileType = folder.assetcatalog; path = Assets.xcassets; sourceTree = "<group>"; };
		F108FBA92B11431E00DF0E9C /* Preview Assets.xcassets */ = {isa = PBXFileReference; lastKnownFileType = folder.assetcatalog; path = "Preview Assets.xcassets"; sourceTree = "<group>"; };
		F108FBAB2B11431E00DF0E9C /* ObjcConverter.entitlements */ = {isa = PBXFileReference; lastKnownFileType = text.plist.entitlements; path = ObjcConverter.entitlements; sourceTree = "<group>"; };
		F108FBB12B1143BC00DF0E9C /* Bridging-Header.h */ = {isa = PBXFileReference; lastKnownFileType = sourcecode.c.h; path = "Bridging-Header.h"; sourceTree = "<group>"; };
		F108FBB22B1143BD00DF0E9C /* adapter.h */ = {isa = PBXFileReference; lastKnownFileType = sourcecode.c.h; path = adapter.h; sourceTree = "<group>"; };
		F108FBB32B1143BD00DF0E9C /* adapter.c */ = {isa = PBXFileReference; lastKnownFileType = sourcecode.c.c; path = adapter.c; sourceTree = "<group>"; };
		F108FBB62B11478600DF0E9C /* libobcjconv.so */ = {isa = PBXFileReference; lastKnownFileType = "compiled.mach-o.dylib"; name = libobcjconv.so; path = "../../.opam/default/lib/objc-converter/libobcjconv.so"; sourceTree = "<group>"; };
		F108FBBF2B116D8700DF0E9C /* Converter.swift */ = {isa = PBXFileReference; lastKnownFileType = sourcecode.swift; path = Converter.swift; sourceTree = "<group>"; };
		F17772742B24D8FE004E5F1A /* DataModel.xcdatamodel */ = {isa = PBXFileReference; lastKnownFileType = wrapper.xcdatamodel; path = DataModel.xcdatamodel; sourceTree = "<group>"; };
		F17772762B250160004E5F1A /* SubstitutionView.swift */ = {isa = PBXFileReference; lastKnownFileType = sourcecode.swift; path = SubstitutionView.swift; sourceTree = "<group>"; };
		F1A9E3F62B25F58100130D8D /* Exception.swift */ = {isa = PBXFileReference; lastKnownFileType = sourcecode.swift; path = Exception.swift; sourceTree = "<group>"; };
		F1A9E3FB2B26667200130D8D /* SubstitutionData.swift */ = {isa = PBXFileReference; lastKnownFileType = sourcecode.swift; path = SubstitutionData.swift; sourceTree = "<group>"; };
		F1FA5E2B2B11F5600082AB71 /* libobcjconv.exe.o */ = {isa = PBXFileReference; lastKnownFileType = "compiled.mach-o.objfile"; name = libobcjconv.exe.o; path = ../objc_converter/_build/default/libobjcconv/libobcjconv.exe.o; sourceTree = "<group>"; };
		F1FA5E2D2B11FB110082AB71 /* libobjcconv.so */ = {isa = PBXFileReference; lastKnownFileType = "compiled.mach-o.dylib"; name = libobjcconv.so; path = ../objc_converter/_build/default/libobjcconv/libobjcconv.so; sourceTree = "<group>"; };
/* End PBXFileReference section */

/* Begin PBXFrameworksBuildPhase section */
		F108FB9C2B11431D00DF0E9C /* Frameworks */ = {
			isa = PBXFrameworksBuildPhase;
			buildActionMask = 2147483647;
			files = (
				F102875F2B23AA0700EF6262 /* SwiftUIIntrospect in Frameworks */,
				F1A9E3FA2B26598F00130D8D /* BindingKit in Frameworks */,
				F10287622B23E90100EF6262 /* libobjcconv.so in Frameworks */,
			);
			runOnlyForDeploymentPostprocessing = 0;
		};
/* End PBXFrameworksBuildPhase section */

/* Begin PBXGroup section */
		F108FB962B11431D00DF0E9C = {
			isa = PBXGroup;
			children = (
				F108FBA12B11431D00DF0E9C /* ObjcConverter */,
				F108FBA02B11431D00DF0E9C /* Products */,
				F108FBB52B11478500DF0E9C /* Frameworks */,
			);
			sourceTree = "<group>";
		};
		F108FBA02B11431D00DF0E9C /* Products */ = {
			isa = PBXGroup;
			children = (
				F108FB9F2B11431D00DF0E9C /* ObjC Converter.app */,
			);
			name = Products;
			sourceTree = "<group>";
		};
		F108FBA12B11431D00DF0E9C /* ObjcConverter */ = {
			isa = PBXGroup;
			children = (
				F17772782B250172004E5F1A /* Views */,
				F108FBBE2B116D6500DF0E9C /* Converter */,
				F108FBA62B11431E00DF0E9C /* Assets.xcassets */,
				F108FBAB2B11431E00DF0E9C /* ObjcConverter.entitlements */,
				F108FBA82B11431E00DF0E9C /* Preview Content */,
				F108FBB12B1143BC00DF0E9C /* Bridging-Header.h */,
				F17772732B24D8FE004E5F1A /* DataModel.xcdatamodeld */,
				F1A9E3F62B25F58100130D8D /* Exception.swift */,
			);
			path = ObjcConverter;
			sourceTree = "<group>";
		};
		F108FBA82B11431E00DF0E9C /* Preview Content */ = {
			isa = PBXGroup;
			children = (
				F108FBA92B11431E00DF0E9C /* Preview Assets.xcassets */,
			);
			path = "Preview Content";
			sourceTree = "<group>";
		};
		F108FBB52B11478500DF0E9C /* Frameworks */ = {
			isa = PBXGroup;
			children = (
				F1FA5E2D2B11FB110082AB71 /* libobjcconv.so */,
				F1FA5E2B2B11F5600082AB71 /* libobcjconv.exe.o */,
				F108FBB62B11478600DF0E9C /* libobcjconv.so */,
			);
			name = Frameworks;
			sourceTree = "<group>";
		};
		F108FBBE2B116D6500DF0E9C /* Converter */ = {
			isa = PBXGroup;
			children = (
				F108FBB22B1143BD00DF0E9C /* adapter.h */,
				F108FBB32B1143BD00DF0E9C /* adapter.c */,
				F108FBBF2B116D8700DF0E9C /* Converter.swift */,
			);
			path = Converter;
			sourceTree = "<group>";
		};
		F17772782B250172004E5F1A /* Views */ = {
			isa = PBXGroup;
			children = (
				F108FBA22B11431D00DF0E9C /* ObjcConverterApp.swift */,
				F1A9E3FB2B26667200130D8D /* SubstitutionData.swift */,
				F108FBA42B11431D00DF0E9C /* ContentView.swift */,
				F10287602B23E4D800EF6262 /* ContentViewModel.swift */,
				F17772762B250160004E5F1A /* SubstitutionView.swift */,
			);
			path = Views;
			sourceTree = "<group>";
		};
/* End PBXGroup section */

/* Begin PBXNativeTarget section */
		F108FB9E2B11431D00DF0E9C /* ObjC Converter */ = {
			isa = PBXNativeTarget;
			buildConfigurationList = F108FBAE2B11431E00DF0E9C /* Build configuration list for PBXNativeTarget "ObjC Converter" */;
			buildPhases = (
				F108FB9B2B11431D00DF0E9C /* Sources */,
				F108FB9C2B11431D00DF0E9C /* Frameworks */,
				F108FB9D2B11431D00DF0E9C /* Resources */,
				F10287642B23E90100EF6262 /* Embed Libraries */,
			);
			buildRules = (
			);
			dependencies = (
			);
			name = "ObjC Converter";
			packageProductDependencies = (
				F102875E2B23AA0700EF6262 /* SwiftUIIntrospect */,
				F1A9E3F92B26598F00130D8D /* BindingKit */,
			);
			productName = ObjcConverter;
			productReference = F108FB9F2B11431D00DF0E9C /* ObjC Converter.app */;
			productType = "com.apple.product-type.application";
		};
/* End PBXNativeTarget section */

/* Begin PBXProject section */
		F108FB972B11431D00DF0E9C /* Project object */ = {
			isa = PBXProject;
			attributes = {
				BuildIndependentTargetsInParallel = 1;
				LastSwiftUpdateCheck = 1500;
				LastUpgradeCheck = 1500;
				TargetAttributes = {
					F108FB9E2B11431D00DF0E9C = {
						CreatedOnToolsVersion = 15.0.1;
						LastSwiftMigration = 1500;
					};
				};
			};
			buildConfigurationList = F108FB9A2B11431D00DF0E9C /* Build configuration list for PBXProject "ObjcConverter" */;
			compatibilityVersion = "Xcode 14.0";
			developmentRegion = en;
			hasScannedForEncodings = 0;
			knownRegions = (
				en,
				Base,
			);
			mainGroup = F108FB962B11431D00DF0E9C;
			packageReferences = (
				F102875D2B23AA0700EF6262 /* XCRemoteSwiftPackageReference "swiftui-introspect" */,
				F1A9E3F82B26598F00130D8D /* XCRemoteSwiftPackageReference "BindingKit" */,
			);
			productRefGroup = F108FBA02B11431D00DF0E9C /* Products */;
			projectDirPath = "";
			projectRoot = "";
			targets = (
				F108FB9E2B11431D00DF0E9C /* ObjC Converter */,
			);
		};
/* End PBXProject section */

/* Begin PBXResourcesBuildPhase section */
		F108FB9D2B11431D00DF0E9C /* Resources */ = {
			isa = PBXResourcesBuildPhase;
			buildActionMask = 2147483647;
			files = (
				F108FBAA2B11431E00DF0E9C /* Preview Assets.xcassets in Resources */,
				F108FBA72B11431E00DF0E9C /* Assets.xcassets in Resources */,
			);
			runOnlyForDeploymentPostprocessing = 0;
		};
/* End PBXResourcesBuildPhase section */

/* Begin PBXSourcesBuildPhase section */
		F108FB9B2B11431D00DF0E9C /* Sources */ = {
			isa = PBXSourcesBuildPhase;
			buildActionMask = 2147483647;
			files = (
				F17772772B250160004E5F1A /* SubstitutionView.swift in Sources */,
				F1A9E3F72B25F58100130D8D /* Exception.swift in Sources */,
				F108FBB42B1143BD00DF0E9C /* adapter.c in Sources */,
				F108FBA52B11431D00DF0E9C /* ContentView.swift in Sources */,
				F108FBC02B116D8700DF0E9C /* Converter.swift in Sources */,
				F17772752B24D8FE004E5F1A /* DataModel.xcdatamodeld in Sources */,
				F108FBA32B11431D00DF0E9C /* ObjcConverterApp.swift in Sources */,
				F10287612B23E4D800EF6262 /* ContentViewModel.swift in Sources */,
				F1A9E3FC2B26667200130D8D /* SubstitutionData.swift in Sources */,
			);
			runOnlyForDeploymentPostprocessing = 0;
		};
/* End PBXSourcesBuildPhase section */

/* Begin XCBuildConfiguration section */
		F108FBAC2B11431E00DF0E9C /* Debug */ = {
			isa = XCBuildConfiguration;
			buildSettings = {
				ALWAYS_SEARCH_USER_PATHS = NO;
				ASSETCATALOG_COMPILER_GENERATE_SWIFT_ASSET_SYMBOL_EXTENSIONS = YES;
				CLANG_ANALYZER_NONNULL = YES;
				CLANG_ANALYZER_NUMBER_OBJECT_CONVERSION = YES_AGGRESSIVE;
				CLANG_CXX_LANGUAGE_STANDARD = "gnu++20";
				CLANG_ENABLE_MODULES = YES;
				CLANG_ENABLE_OBJC_ARC = YES;
				CLANG_ENABLE_OBJC_WEAK = YES;
				CLANG_WARN_BLOCK_CAPTURE_AUTORELEASING = YES;
				CLANG_WARN_BOOL_CONVERSION = YES;
				CLANG_WARN_COMMA = YES;
				CLANG_WARN_CONSTANT_CONVERSION = YES;
				CLANG_WARN_DEPRECATED_OBJC_IMPLEMENTATIONS = YES;
				CLANG_WARN_DIRECT_OBJC_ISA_USAGE = YES_ERROR;
				CLANG_WARN_DOCUMENTATION_COMMENTS = YES;
				CLANG_WARN_EMPTY_BODY = YES;
				CLANG_WARN_ENUM_CONVERSION = YES;
				CLANG_WARN_INFINITE_RECURSION = YES;
				CLANG_WARN_INT_CONVERSION = YES;
				CLANG_WARN_NON_LITERAL_NULL_CONVERSION = YES;
				CLANG_WARN_OBJC_IMPLICIT_RETAIN_SELF = YES;
				CLANG_WARN_OBJC_LITERAL_CONVERSION = YES;
				CLANG_WARN_OBJC_ROOT_CLASS = YES_ERROR;
				CLANG_WARN_QUOTED_INCLUDE_IN_FRAMEWORK_HEADER = YES;
				CLANG_WARN_RANGE_LOOP_ANALYSIS = YES;
				CLANG_WARN_STRICT_PROTOTYPES = YES;
				CLANG_WARN_SUSPICIOUS_MOVE = YES;
				CLANG_WARN_UNGUARDED_AVAILABILITY = YES_AGGRESSIVE;
				CLANG_WARN_UNREACHABLE_CODE = YES;
				CLANG_WARN__DUPLICATE_METHOD_MATCH = YES;
				COPY_PHASE_STRIP = NO;
				DEBUG_INFORMATION_FORMAT = dwarf;
				ENABLE_STRICT_OBJC_MSGSEND = YES;
				ENABLE_TESTABILITY = YES;
				ENABLE_USER_SCRIPT_SANDBOXING = YES;
				GCC_C_LANGUAGE_STANDARD = gnu17;
				GCC_DYNAMIC_NO_PIC = NO;
				GCC_NO_COMMON_BLOCKS = YES;
				GCC_OPTIMIZATION_LEVEL = 0;
				GCC_PREPROCESSOR_DEFINITIONS = (
					"DEBUG=1",
					"$(inherited)",
				);
				GCC_WARN_64_TO_32_BIT_CONVERSION = YES;
				GCC_WARN_ABOUT_RETURN_TYPE = YES_ERROR;
				GCC_WARN_UNDECLARED_SELECTOR = YES;
				GCC_WARN_UNINITIALIZED_AUTOS = YES_AGGRESSIVE;
				GCC_WARN_UNUSED_FUNCTION = YES;
				GCC_WARN_UNUSED_VARIABLE = YES;
				LOCALIZATION_PREFERS_STRING_CATALOGS = YES;
				MACOSX_DEPLOYMENT_TARGET = 14.0;
				MTL_ENABLE_DEBUG_INFO = INCLUDE_SOURCE;
				MTL_FAST_MATH = YES;
				ONLY_ACTIVE_ARCH = YES;
				SDKROOT = macosx;
				SWIFT_ACTIVE_COMPILATION_CONDITIONS = "DEBUG $(inherited)";
				SWIFT_OPTIMIZATION_LEVEL = "-Onone";
			};
			name = Debug;
		};
		F108FBAD2B11431E00DF0E9C /* Release */ = {
			isa = XCBuildConfiguration;
			buildSettings = {
				ALWAYS_SEARCH_USER_PATHS = NO;
				ASSETCATALOG_COMPILER_GENERATE_SWIFT_ASSET_SYMBOL_EXTENSIONS = YES;
				CLANG_ANALYZER_NONNULL = YES;
				CLANG_ANALYZER_NUMBER_OBJECT_CONVERSION = YES_AGGRESSIVE;
				CLANG_CXX_LANGUAGE_STANDARD = "gnu++20";
				CLANG_ENABLE_MODULES = YES;
				CLANG_ENABLE_OBJC_ARC = YES;
				CLANG_ENABLE_OBJC_WEAK = YES;
				CLANG_WARN_BLOCK_CAPTURE_AUTORELEASING = YES;
				CLANG_WARN_BOOL_CONVERSION = YES;
				CLANG_WARN_COMMA = YES;
				CLANG_WARN_CONSTANT_CONVERSION = YES;
				CLANG_WARN_DEPRECATED_OBJC_IMPLEMENTATIONS = YES;
				CLANG_WARN_DIRECT_OBJC_ISA_USAGE = YES_ERROR;
				CLANG_WARN_DOCUMENTATION_COMMENTS = YES;
				CLANG_WARN_EMPTY_BODY = YES;
				CLANG_WARN_ENUM_CONVERSION = YES;
				CLANG_WARN_INFINITE_RECURSION = YES;
				CLANG_WARN_INT_CONVERSION = YES;
				CLANG_WARN_NON_LITERAL_NULL_CONVERSION = YES;
				CLANG_WARN_OBJC_IMPLICIT_RETAIN_SELF = YES;
				CLANG_WARN_OBJC_LITERAL_CONVERSION = YES;
				CLANG_WARN_OBJC_ROOT_CLASS = YES_ERROR;
				CLANG_WARN_QUOTED_INCLUDE_IN_FRAMEWORK_HEADER = YES;
				CLANG_WARN_RANGE_LOOP_ANALYSIS = YES;
				CLANG_WARN_STRICT_PROTOTYPES = YES;
				CLANG_WARN_SUSPICIOUS_MOVE = YES;
				CLANG_WARN_UNGUARDED_AVAILABILITY = YES_AGGRESSIVE;
				CLANG_WARN_UNREACHABLE_CODE = YES;
				CLANG_WARN__DUPLICATE_METHOD_MATCH = YES;
				COPY_PHASE_STRIP = NO;
				DEBUG_INFORMATION_FORMAT = "dwarf-with-dsym";
				ENABLE_NS_ASSERTIONS = NO;
				ENABLE_STRICT_OBJC_MSGSEND = YES;
				ENABLE_USER_SCRIPT_SANDBOXING = YES;
				GCC_C_LANGUAGE_STANDARD = gnu17;
				GCC_NO_COMMON_BLOCKS = YES;
				GCC_WARN_64_TO_32_BIT_CONVERSION = YES;
				GCC_WARN_ABOUT_RETURN_TYPE = YES_ERROR;
				GCC_WARN_UNDECLARED_SELECTOR = YES;
				GCC_WARN_UNINITIALIZED_AUTOS = YES_AGGRESSIVE;
				GCC_WARN_UNUSED_FUNCTION = YES;
				GCC_WARN_UNUSED_VARIABLE = YES;
				LOCALIZATION_PREFERS_STRING_CATALOGS = YES;
				MACOSX_DEPLOYMENT_TARGET = 14.0;
				MTL_ENABLE_DEBUG_INFO = NO;
				MTL_FAST_MATH = YES;
				SDKROOT = macosx;
				SWIFT_COMPILATION_MODE = wholemodule;
			};
			name = Release;
		};
		F108FBAF2B11431E00DF0E9C /* Debug */ = {
			isa = XCBuildConfiguration;
			buildSettings = {
				ARCHS = arm64;
				ASSETCATALOG_COMPILER_APPICON_NAME = AppIcon;
				ASSETCATALOG_COMPILER_GLOBAL_ACCENT_COLOR_NAME = AccentColor;
				CLANG_ENABLE_MODULES = YES;
				CODE_SIGN_ENTITLEMENTS = ObjcConverter/ObjcConverter.entitlements;
				"CODE_SIGN_IDENTITY[sdk=macosx*]" = "Apple Development";
				CODE_SIGN_STYLE = Automatic;
				COMBINE_HIDPI_IMAGES = YES;
				CURRENT_PROJECT_VERSION = 1;
				DEVELOPMENT_ASSET_PATHS = "\"ObjcConverter/Preview Content\"";
				DEVELOPMENT_TEAM = 6LKU4RTSKK;
				ENABLE_PREVIEWS = YES;
				GENERATE_INFOPLIST_FILE = YES;
				INFOPLIST_KEY_NSHumanReadableCopyright = "";
				LD_RUNPATH_SEARCH_PATHS = (
					"$(inherited)",
					"@executable_path/../Frameworks",
				);
				MACOSX_DEPLOYMENT_TARGET = 14.0;
				MARKETING_VERSION = 0.1;
				OTHER_CFLAGS = "-I$HOME/.opam/default/lib/ocaml";
				PRODUCT_BUNDLE_IDENTIFIER = "com.github.vitalydolgov.objc-converter";
				PRODUCT_NAME = "$(TARGET_NAME)";
				SWIFT_EMIT_LOC_STRINGS = YES;
				SWIFT_OBJC_BRIDGING_HEADER = "ObjcConverter/Bridging-Header.h";
				SWIFT_OPTIMIZATION_LEVEL = "-Onone";
				SWIFT_VERSION = 5.0;
			};
			name = Debug;
		};
		F108FBB02B11431E00DF0E9C /* Release */ = {
			isa = XCBuildConfiguration;
			buildSettings = {
				ARCHS = arm64;
				ASSETCATALOG_COMPILER_APPICON_NAME = AppIcon;
				ASSETCATALOG_COMPILER_GLOBAL_ACCENT_COLOR_NAME = AccentColor;
				CLANG_ENABLE_MODULES = YES;
				CODE_SIGN_ENTITLEMENTS = ObjcConverter/ObjcConverter.entitlements;
				"CODE_SIGN_IDENTITY[sdk=macosx*]" = "Apple Development";
				CODE_SIGN_STYLE = Automatic;
				COMBINE_HIDPI_IMAGES = YES;
				CURRENT_PROJECT_VERSION = 1;
				DEVELOPMENT_ASSET_PATHS = "\"ObjcConverter/Preview Content\"";
				DEVELOPMENT_TEAM = 6LKU4RTSKK;
				ENABLE_PREVIEWS = YES;
				GENERATE_INFOPLIST_FILE = YES;
				INFOPLIST_KEY_NSHumanReadableCopyright = "";
				LD_RUNPATH_SEARCH_PATHS = (
					"$(inherited)",
					"@executable_path/../Frameworks",
				);
				MACOSX_DEPLOYMENT_TARGET = 14.0;
				MARKETING_VERSION = 0.1;
				OTHER_CFLAGS = "-I$HOME/.opam/default/lib/ocaml";
				PRODUCT_BUNDLE_IDENTIFIER = "com.github.vitalydolgov.objc-converter";
				PRODUCT_NAME = "$(TARGET_NAME)";
				SWIFT_EMIT_LOC_STRINGS = YES;
				SWIFT_OBJC_BRIDGING_HEADER = "ObjcConverter/Bridging-Header.h";
				SWIFT_VERSION = 5.0;
			};
			name = Release;
		};
/* End XCBuildConfiguration section */

/* Begin XCConfigurationList section */
		F108FB9A2B11431D00DF0E9C /* Build configuration list for PBXProject "ObjcConverter" */ = {
			isa = XCConfigurationList;
			buildConfigurations = (
				F108FBAC2B11431E00DF0E9C /* Debug */,
				F108FBAD2B11431E00DF0E9C /* Release */,
			);
			defaultConfigurationIsVisible = 0;
			defaultConfigurationName = Release;
		};
		F108FBAE2B11431E00DF0E9C /* Build configuration list for PBXNativeTarget "ObjC Converter" */ = {
			isa = XCConfigurationList;
			buildConfigurations = (
				F108FBAF2B11431E00DF0E9C /* Debug */,
				F108FBB02B11431E00DF0E9C /* Release */,
			);
			defaultConfigurationIsVisible = 0;
			defaultConfigurationName = Release;
		};
/* End XCConfigurationList section */

/* Begin XCRemoteSwiftPackageReference section */
		F102875D2B23AA0700EF6262 /* XCRemoteSwiftPackageReference "swiftui-introspect" */ = {
			isa = XCRemoteSwiftPackageReference;
			repositoryURL = "https://github.com/siteline/swiftui-introspect";
			requirement = {
				kind = upToNextMajorVersion;
				minimumVersion = 1.1.1;
			};
		};
		F1A9E3F82B26598F00130D8D /* XCRemoteSwiftPackageReference "BindingKit" */ = {
			isa = XCRemoteSwiftPackageReference;
			repositoryURL = "https://github.com/mkj-is/BindingKit";
			requirement = {
				kind = upToNextMajorVersion;
				minimumVersion = 1.0.0;
			};
		};
/* End XCRemoteSwiftPackageReference section */

/* Begin XCSwiftPackageProductDependency section */
		F102875E2B23AA0700EF6262 /* SwiftUIIntrospect */ = {
			isa = XCSwiftPackageProductDependency;
			package = F102875D2B23AA0700EF6262 /* XCRemoteSwiftPackageReference "swiftui-introspect" */;
			productName = SwiftUIIntrospect;
		};
		F1A9E3F92B26598F00130D8D /* BindingKit */ = {
			isa = XCSwiftPackageProductDependency;
			package = F1A9E3F82B26598F00130D8D /* XCRemoteSwiftPackageReference "BindingKit" */;
			productName = BindingKit;
		};
/* End XCSwiftPackageProductDependency section */

/* Begin XCVersionGroup section */
		F17772732B24D8FE004E5F1A /* DataModel.xcdatamodeld */ = {
			isa = XCVersionGroup;
			children = (
				F17772742B24D8FE004E5F1A /* DataModel.xcdatamodel */,
			);
			currentVersion = F17772742B24D8FE004E5F1A /* DataModel.xcdatamodel */;
			path = DataModel.xcdatamodeld;
			sourceTree = "<group>";
			versionGroupType = wrapper.xcdatamodel;
		};
/* End XCVersionGroup section */
	};
	rootObject = F108FB972B11431D00DF0E9C /* Project object */;
}
